
Microsoft Visual Studio Solution File, Format Version 12.00
# Visual Studio Version 17
VisualStudioVersion = 17.0.32126.317
MinimumVisualStudioVersion = 10.0.40219.1
Project("{FAE04EC0-301F-11D3-BF4B-00C04F79EFBC}") = "Generic", "Generic.csproj", "{3CB985F0-4240-499C-B305-B60E045A66A8}"
EndProject
Global
	GlobalSection(SolutionConfigurationPlatforms) = preSolution
		Debug|Any CPU = Debug|Any CPU
		Release|Any CPU = Release|Any CPU
	EndGlobalSection
	GlobalSection(ProjectConfigurationPlatforms) = postSolution
		{3CB985F0-4240-499C-B305-B60E045A66A8}.Debug|Any CPU.ActiveCfg = Debug|Any CPU
		{3CB985F0-4240-499C-B305-B60E045A66A8}.Debug|Any CPU.Build.0 = Debug|Any CPU
		{3CB985F0-4240-499C-B305-B60E045A66A8}.Release|Any CPU.ActiveCfg = Release|Any CPU
		{3CB985F0-4240-499C-B305-B60E045A66A8}.Release|Any CPU.Build.0 = Release|Any CPU
	EndGlobalSection
	GlobalSection(SolutionProperties) = preSolution
		HideSolutionNode = FALSE
	EndGlobalSection
	GlobalSection(ExtensibilityGlobals) = postSolution
		SolutionGuid = {6A1D08CB-7D6C-40CA-849D-1B8B929AD779}
	EndGlobalSection
EndGlobal
